{
  "R": {
    "Version": "4.1.0",
    "Repositories": [
      {
        "Name": "CRAN",
        "URL": "https://cloud.r-project.org"
      }
    ]
  },
  "Packages": {
    "R6": {
      "Package": "R6",
      "Version": "2.5.1",
      "Source": "Repository",
      "Repository": "RSPM",
      "Hash": "470851b6d5d0ac559e9d01bb352b4021"
    },
    "Rcpp": {
      "Package": "Rcpp",
      "Version": "1.0.7",
      "Source": "Repository",
      "Repository": "RSPM",
      "Hash": "dab19adae4440ae55aa8a9d238b246bb"
    },
    "base64enc": {
      "Package": "base64enc",
      "Version": "0.1-3",
      "Source": "Repository",
      "Repository": "RSPM",
      "Hash": "543776ae6848fde2f48ff3816d0628bc"
    },
    "blogdown": {
      "Package": "blogdown",
      "Version": "1.7",
      "Source": "Repository",
      "Repository": "CRAN",
      "Hash": "a59150d0098908724e1c0dc9d2a3ab5b"
    },
    "bookdown": {
      "Package": "bookdown",
      "Version": "0.24",
      "Source": "Repository",
      "Repository": "CRAN",
      "Hash": "3837766a1e1b527af25fa3e2d12a2800"
    },
    "cli": {
      "Package": "cli",
      "Version": "3.1.0",
      "Source": "Repository",
      "Repository": "RSPM",
      "Hash": "66a3834e54593c89d8beefb312347e58"
    },
    "clock": {
      "Package": "clock",
      "Version": "0.6.0",
      "Source": "Repository",
      "Repository": "CRAN",
      "Hash": "78ecb042cd9558b7ab6230e6243bef87"
    },
    "cpp11": {
      "Package": "cpp11",
      "Version": "0.4.1",
      "Source": "Repository",
      "Repository": "RSPM",
      "Hash": "70976176dfd7f179f212783aab2547b1"
    },
    "crayon": {
      "Package": "crayon",
      "Version": "1.4.2",
      "Source": "Repository",
      "Repository": "RSPM",
      "Hash": "0a6a65d92bd45b47b94b84244b528d17"
    },
    "digest": {
      "Package": "digest",
      "Version": "0.6.28",
      "Source": "Repository",
      "Repository": "RSPM",
      "Hash": "49b5c6e230bfec487b8917d5a0c77cca"
    },
    "dplyr": {
      "Package": "dplyr",
      "Version": "1.0.7",
      "Source": "Repository",
      "Repository": "RSPM",
      "Hash": "36f1ae62f026c8ba9f9b5c9a08c03297"
    },
    "ellipsis": {
      "Package": "ellipsis",
      "Version": "0.3.2",
      "Source": "Repository",
      "Repository": "RSPM",
      "Hash": "bb0eec2fe32e88d9e2836c2f73ea2077"
    },
    "evaluate": {
      "Package": "evaluate",
      "Version": "0.14",
      "Source": "Repository",
      "Repository": "RSPM",
      "Hash": "ec8ca05cffcc70569eaaad8469d2a3a7"
    },
    "fansi": {
      "Package": "fansi",
      "Version": "0.5.0",
      "Source": "Repository",
      "Repository": "RSPM",
      "Hash": "d447b40982c576a72b779f0a3b3da227"
    },
    "fastmap": {
      "Package": "fastmap",
      "Version": "1.1.0",
      "Source": "Repository",
      "Repository": "RSPM",
      "Hash": "77bd60a6157420d4ffa93b27cf6a58b8"
    },
    "fs": {
      "Package": "fs",
      "Version": "1.5.0",
      "Source": "Repository",
      "Repository": "RSPM",
      "Hash": "44594a07a42e5f91fac9f93fda6d0109"
    },
    "generics": {
      "Package": "generics",
      "Version": "0.1.1",
      "Source": "Repository",
      "Repository": "RSPM",
      "Hash": "3f6bcfb0ee5d671d9fd1893d2faa79cb"
    },
    "glue": {
      "Package": "glue",
      "Version": "1.5.0",
      "Source": "Repository",
      "Repository": "RSPM",
      "Hash": "5ccb956a6d09b4ca448094582f8c7571"
    },
    "highr": {
      "Package": "highr",
      "Version": "0.9",
      "Source": "Repository",
      "Repository": "RSPM",
      "Hash": "8eb36c8125038e648e5d111c0d7b2ed4"
    },
    "htmltools": {
      "Package": "htmltools",
      "Version": "0.5.2",
      "Source": "Repository",
      "Repository": "RSPM",
      "Hash": "526c484233f42522278ab06fb185cb26"
    },
    "httpuv": {
      "Package": "httpuv",
      "Version": "1.6.5",
      "Source": "Repository",
      "Repository": "RSPM",
      "Hash": "97fe71f0a4a1c9890e6c2128afa04bc0"
    },
    "jquerylib": {
      "Package": "jquerylib",
      "Version": "0.1.4",
      "Source": "Repository",
      "Repository": "RSPM",
      "Hash": "5aab57a3bd297eee1c1d862735972182"
    },
    "jsonlite": {
      "Package": "jsonlite",
      "Version": "1.7.2",
      "Source": "Repository",
      "Repository": "RSPM",
      "Hash": "98138e0994d41508c7a6b84a0600cfcb"
    },
    "knitr": {
      "Package": "knitr",
      "Version": "1.36",
      "Source": "Repository",
      "Repository": "RSPM",
      "Hash": "46344b93f8854714cdf476433a59ed10"
    },
    "later": {
      "Package": "later",
      "Version": "1.3.0",
      "Source": "Repository",
      "Repository": "RSPM",
      "Hash": "7e7b457d7766bc47f2a5f21cc2984f8e"
    },
    "lifecycle": {
      "Package": "lifecycle",
      "Version": "1.0.1",
      "Source": "Repository",
      "Repository": "RSPM",
      "Hash": "a6b6d352e3ed897373ab19d8395c98d0"
    },
    "lubridate": {
      "Package": "lubridate",
      "Version": "1.8.0",
      "Source": "Repository",
      "Repository": "RSPM",
      "Hash": "2ff5eedb6ee38fb1b81205c73be1be5a"
    },
    "magrittr": {
      "Package": "magrittr",
      "Version": "2.0.1",
      "Source": "Repository",
      "Repository": "RSPM",
      "Hash": "41287f1ac7d28a92f0a286ed507928d3"
    },
    "mime": {
      "Package": "mime",
      "Version": "0.12",
      "Source": "Repository",
      "Repository": "RSPM",
      "Hash": "18e9c28c1d3ca1560ce30658b22ce104"
    },
    "pillar": {
      "Package": "pillar",
      "Version": "1.6.4",
      "Source": "Repository",
      "Repository": "RSPM",
      "Hash": "60200b6aa32314ac457d3efbb5ccbd98"
    },
    "pkgconfig": {
      "Package": "pkgconfig",
      "Version": "2.0.3",
      "Source": "Repository",
      "Repository": "RSPM",
      "Hash": "01f28d4278f15c76cddbea05899c5d6f"
    },
    "promises": {
      "Package": "promises",
      "Version": "1.2.0.1",
      "Source": "Repository",
      "Repository": "RSPM",
      "Hash": "4ab2c43adb4d4699cf3690acd378d75d"
    },
    "purrr": {
      "Package": "purrr",
      "Version": "0.3.4",
      "Source": "Repository",
      "Repository": "RSPM",
      "Hash": "97def703420c8ab10d8f0e6c72101e02"
    },
    "renv": {
      "Package": "renv",
      "Version": "0.11.0",
      "Source": "Repository",
      "Repository": "RSPM",
      "Hash": "1c3ef87cbb81c23ac96797781ec7aecc"
    },
    "rlang": {
      "Package": "rlang",
      "Version": "0.4.12",
      "Source": "Repository",
      "Repository": "RSPM",
      "Hash": "0879f5388fe6e4d56d7ef0b7ccb031e5"
    },
    "rmarkdown": {
      "Package": "rmarkdown",
      "Version": "2.11",
      "Source": "Repository",
      "Repository": "RSPM",
      "Hash": "320017b52d05a943981272b295750388"
    },
    "servr": {
      "Package": "servr",
      "Version": "0.24",
      "Source": "Repository",
      "Repository": "CRAN",
      "Hash": "e2c3e268d654becf0d78a1ec13a05b46"
    },
    "stringi": {
      "Package": "stringi",
      "Version": "1.7.5",
      "Source": "Repository",
      "Repository": "RSPM",
      "Hash": "cd50dc9b449de3d3b47cdc9976886999"
    },
    "stringr": {
      "Package": "stringr",
      "Version": "1.4.0",
      "Source": "Repository",
      "Repository": "RSPM",
      "Hash": "0759e6b6c0957edb1311028a49a35e76"
    },
    "tibble": {
      "Package": "tibble",
      "Version": "3.1.6",
      "Source": "Repository",
      "Repository": "RSPM",
      "Hash": "8a8f02d1934dfd6431c671361510dd0b"
    },
    "tidyselect": {
      "Package": "tidyselect",
      "Version": "1.1.1",
      "Source": "Repository",
      "Repository": "RSPM",
      "Hash": "7243004a708d06d4716717fa1ff5b2fe"
    },
    "tinytex": {
      "Package": "tinytex",
      "Version": "0.36",
      "Source": "Repository",
      "Repository": "CRAN",
      "Hash": "130fe4c61e55b271a2655b3a284a205f"
    },
    "tzdb": {
      "Package": "tzdb",
      "Version": "0.2.0",
      "Source": "Repository",
      "Repository": "RSPM",
      "Hash": "5e069fb033daf2317bd628d3100b75c5"
    },
    "utf8": {
      "Package": "utf8",
      "Version": "1.2.2",
      "Source": "Repository",
      "Repository": "RSPM",
      "Hash": "c9c462b759a5cc844ae25b5942654d13"
    },
    "vctrs": {
      "Package": "vctrs",
      "Version": "0.3.8",
      "Source": "Repository",
      "Repository": "RSPM",
      "Hash": "ecf749a1b39ea72bd9b51b76292261f1"
    },
    "xfun": {
      "Package": "xfun",
      "Version": "0.29",
      "Source": "Repository",
      "Repository": "RSPM",
      "Hash": "e2e5fb1a74fbb68b27d6efc5372635dc"
    },
    "yaml": {
      "Package": "yaml",
      "Version": "2.2.1",
      "Source": "Repository",
      "Repository": "RSPM",
      "Hash": "2826c5d9efb0a88f657c7a679c7106db"
    }
  }
}
